
Microsoft Visual Studio Solution File, Format Version 12.00
# Visual Studio Version 16
VisualStudioVersion = 16.0.31313.79
MinimumVisualStudioVersion = 10.0.40219.1
Project("{2150E333-8FDC-42A3-9474-1A3956D46DE8}") = "FuncandAction", "FuncandAction", "{71B6FBE2-A8D4-4FF7-91CE-3224D62596E0}"
EndProject
Project("{FAE04EC0-301F-11D3-BF4B-00C04F79EFBC}") = "ConsoleApp1", "FuncandAction\ConsoleApp1\ConsoleApp1.csproj", "{64C9C1FA-43BD-4D73-8299-662A100D9DA7}"
EndProject
Global
	GlobalSection(SolutionConfigurationPlatforms) = preSolution
		Debug|Any CPU = Debug|Any CPU
		Release|Any CPU = Release|Any CPU
	EndGlobalSection
	GlobalSection(ProjectConfigurationPlatforms) = postSolution
		{64C9C1FA-43BD-4D73-8299-662A100D9DA7}.Debug|Any CPU.ActiveCfg = Debug|Any CPU
		{64C9C1FA-43BD-4D73-8299-662A100D9DA7}.Debug|Any CPU.Build.0 = Debug|Any CPU
		{64C9C1FA-43BD-4D73-8299-662A100D9DA7}.Release|Any CPU.ActiveCfg = Release|Any CPU
		{64C9C1FA-43BD-4D73-8299-662A100D9DA7}.Release|Any CPU.Build.0 = Release|Any CPU
	EndGlobalSection
	GlobalSection(SolutionProperties) = preSolution
		HideSolutionNode = FALSE
	EndGlobalSection
	GlobalSection(NestedProjects) = preSolution
		{64C9C1FA-43BD-4D73-8299-662A100D9DA7} = {71B6FBE2-A8D4-4FF7-91CE-3224D62596E0}
	EndGlobalSection
	GlobalSection(ExtensibilityGlobals) = postSolution
		SolutionGuid = {13682D03-94C7-4F34-90B3-AE991F18498C}
	EndGlobalSection
EndGlobal
